
Microsoft Visual Studio Solution File, Format Version 12.00
# Visual Studio Version 17
VisualStudioVersion = 17.5.002.0
MinimumVisualStudioVersion = 10.0.40219.1
Project("{9A19103F-16F7-4668-BE54-9A1E7A4F7556}") = "Tests", "Tests\Tests.csproj", "{62A7E40E-4FF4-4E0C-BF1B-8B3C9C22CF4D}"
EndProject
Project("{9A19103F-16F7-4668-BE54-9A1E7A4F7556}") = "WebApi", "Webapi\Webapi.csproj", "{16E3A6DB-1F0C-4479-8C45-C77BAA210853}"
EndProject
Global
	GlobalSection(SolutionConfigurationPlatforms) = preSolution
		Debug|Any CPU = Debug|Any CPU
		Release|Any CPU = Release|Any CPU
	EndGlobalSection
	GlobalSection(ProjectConfigurationPlatforms) = postSolution
		{62A7E40E-4FF4-4E0C-BF1B-8B3C9C22CF4D}.Debug|Any CPU.ActiveCfg = Debug|Any CPU
		{62A7E40E-4FF4-4E0C-BF1B-8B3C9C22CF4D}.Debug|Any CPU.Build.0 = Debug|Any CPU
		{62A7E40E-4FF4-4E0C-BF1B-8B3C9C22CF4D}.Release|Any CPU.ActiveCfg = Release|Any CPU
		{62A7E40E-4FF4-4E0C-BF1B-8B3C9C22CF4D}.Release|Any CPU.Build.0 = Release|Any CPU
		{16E3A6DB-1F0C-4479-8C45-C77BAA210853}.Debug|Any CPU.ActiveCfg = Debug|Any CPU
		{16E3A6DB-1F0C-4479-8C45-C77BAA210853}.Debug|Any CPU.Build.0 = Debug|Any CPU
		{16E3A6DB-1F0C-4479-8C45-C77BAA210853}.Release|Any CPU.ActiveCfg = Release|Any CPU
		{16E3A6DB-1F0C-4479-8C45-C77BAA210853}.Release|Any CPU.Build.0 = Release|Any CPU
	EndGlobalSection
	GlobalSection(SolutionProperties) = preSolution
		HideSolutionNode = FALSE
	EndGlobalSection
	GlobalSection(ExtensibilityGlobals) = postSolution
		SolutionGuid = {0789CBB5-36AA-4084-AF9D-C1112CA50D4B}
	EndGlobalSection
EndGlobal
